
Microsoft Visual Studio Solution File, Format Version 12.00
# Visual Studio Version 17
VisualStudioVersion = 17.8.34525.116
MinimumVisualStudioVersion = 10.0.40219.1
Project("{FAE04EC0-301F-11D3-BF4B-00C04F79EFBC}") = "TodoList", "TodoList.csproj", "{539B68DB-8F93-4991-B97F-9339D535096C}"
EndProject
Global
	GlobalSection(SolutionConfigurationPlatforms) = preSolution
		Debug|Any CPU = Debug|Any CPU
		Release|Any CPU = Release|Any CPU
	EndGlobalSection
	GlobalSection(ProjectConfigurationPlatforms) = postSolution
		{539B68DB-8F93-4991-B97F-9339D535096C}.Debug|Any CPU.ActiveCfg = Debug|Any CPU
		{539B68DB-8F93-4991-B97F-9339D535096C}.Debug|Any CPU.Build.0 = Debug|Any CPU
		{539B68DB-8F93-4991-B97F-9339D535096C}.Release|Any CPU.ActiveCfg = Release|Any CPU
		{539B68DB-8F93-4991-B97F-9339D535096C}.Release|Any CPU.Build.0 = Release|Any CPU
	EndGlobalSection
	GlobalSection(SolutionProperties) = preSolution
		HideSolutionNode = FALSE
	EndGlobalSection
	GlobalSection(ExtensibilityGlobals) = postSolution
		SolutionGuid = {B98A1005-978A-46FB-A7B6-0F4802B70862}
	EndGlobalSection
EndGlobal
